// !$*UTF8*$!
{
	archiveVersion = 1;
	classes = {
	};
	objectVersion = 46;
	objects = {
		5E618435888B9D49F8540165 = {
			buildActionMask = 2147483647;
			files = (
				);
			isa = PBXShellScriptBuildPhase;
			runOnlyForDeploymentPostprocessing = 0;
			name = "Qt Qmake";
			shellPath = "/bin/sh";
			shellScript = "make -C /Users/josephfan/SeniorDesign/qip2 -f qt_makeqmake.mak";
			showEnvVarsInLog = "0";
		};
		A6076042F91B73C658C18097 = {
			isa = PBXFileReference;
			path = "/Users/josephfan/SeniorDesign/qip2/main.cpp";
			name = "main.cpp";
			sourceTree = "<absolute>";
			lastKnownFileType = "sourcecode.cpp.cpp";
		};
		B31C532728F0F1972C77DB20 = {
			fileRef = "A6076042F91B73C658C18097";
			isa = PBXBuildFile;
			settings = {
				ATTRIBUTES = (
					);
			};
		};
		5357C79B4A717EE544E58509 = {
			isa = PBXFileReference;
			path = "/Users/josephfan/SeniorDesign/qip2/MainWindow.cpp";
			name = "MainWindow.cpp";
			sourceTree = "<absolute>";
			lastKnownFileType = "sourcecode.cpp.cpp";
		};
		3743A95F101242CDCA523228 = {
			fileRef = "5357C79B4A717EE544E58509";
			isa = PBXBuildFile;
			settings = {
				ATTRIBUTES = (
					);
			};
		};
		F9F00B38389252046AF5F45B = {
			isa = PBXFileReference;
			path = "/Users/josephfan/SeniorDesign/qip2/ImageFilter.cpp";
			name = "ImageFilter.cpp";
			sourceTree = "<absolute>";
			lastKnownFileType = "sourcecode.cpp.cpp";
		};
		07F00D093C36832872D416BB = {
			fileRef = "F9F00B38389252046AF5F45B";
			isa = PBXBuildFile;
			settings = {
				ATTRIBUTES = (
					);
			};
		};
		99E13404DCBB723116093D83 = {
			isa = PBXFileReference;
			path = "/Users/josephfan/SeniorDesign/qip2/qcustomplot.cpp";
			name = "qcustomplot.cpp";
			sourceTree = "<absolute>";
			lastKnownFileType = "sourcecode.cpp.cpp";
		};
		94708E83E934FA0D6C6E42CB = {
			fileRef = "99E13404DCBB723116093D83";
			isa = PBXBuildFile;
			settings = {
				ATTRIBUTES = (
					);
			};
		};
		393EB9A252935147E8F08306 = {
			isa = PBXFileReference;
			path = "/Users/josephfan/SeniorDesign/qip2/Dummy.cpp";
			name = "Dummy.cpp";
			sourceTree = "<absolute>";
			lastKnownFileType = "sourcecode.cpp.cpp";
		};
		DAB875BE73293494C9F291D0 = {
			fileRef = "393EB9A252935147E8F08306";
			isa = PBXBuildFile;
			settings = {
				ATTRIBUTES = (
					);
			};
		};
		2039FD24CFCD73142FA641F0 = {
			isa = PBXFileReference;
			path = "/Users/josephfan/SeniorDesign/qip2/Threshold.cpp";
			name = "Threshold.cpp";
			sourceTree = "<absolute>";
			lastKnownFileType = "sourcecode.cpp.cpp";
		};
		E92062CC4A8B9F0C58EFCF1C = {
			fileRef = "2039FD24CFCD73142FA641F0";
			isa = PBXBuildFile;
			settings = {
				ATTRIBUTES = (
					);
			};
		};
		4D24DBD94BFA20B7178DA35B = {
			isa = PBXFileReference;
			path = "/Users/josephfan/SeniorDesign/qip2/Contrast.cpp";
			name = "Contrast.cpp";
			sourceTree = "<absolute>";
			lastKnownFileType = "sourcecode.cpp.cpp";
		};
		BADA71E96AECC04B842F39BB = {
			fileRef = "4D24DBD94BFA20B7178DA35B";
			isa = PBXBuildFile;
			settings = {
				ATTRIBUTES = (
					);
			};
		};
		B810E68590C47900BAEA55DF = {
			isa = PBXFileReference;
			path = "/Users/josephfan/SeniorDesign/qip2/Quantization.cpp";
			name = "Quantization.cpp";
			sourceTree = "<absolute>";
			lastKnownFileType = "sourcecode.cpp.cpp";
		};
		27FA8C75EC4ED2D76B22081C = {
			fileRef = "B810E68590C47900BAEA55DF";
			isa = PBXBuildFile;
			settings = {
				ATTRIBUTES = (
					);
			};
		};
		3435FD175408F5F5807268E5 = {
			isa = PBXFileReference;
			path = "/Users/josephfan/SeniorDesign/qip2/HistogramStretching.cpp";
			name = "HistogramStretching.cpp";
			sourceTree = "<absolute>";
			lastKnownFileType = "sourcecode.cpp.cpp";
		};
		5FF8E617241E3A50E9B7DAB9 = {
			fileRef = "3435FD175408F5F5807268E5";
			isa = PBXBuildFile;
			settings = {
				ATTRIBUTES = (
					);
			};
		};
		7614A372D011E7CDAFBDA819 = {
			isa = PBXFileReference;
			path = "/Users/josephfan/SeniorDesign/qip2/moc/moc_MainWindow.cpp";
			name = "moc_MainWindow.cpp";
			sourceTree = "<absolute>";
			lastKnownFileType = "sourcecode.cpp.cpp";
		};
		9325C7674E746A4736C018D1 = {
			fileRef = "7614A372D011E7CDAFBDA819";
			isa = PBXBuildFile;
			settings = {
				ATTRIBUTES = (
					);
			};
		};
		DEACB207165D1783E69D43B7 = {
			isa = PBXFileReference;
			path = "/Users/josephfan/SeniorDesign/qip2/moc/moc_qcustomplot.cpp";
			name = "moc_qcustomplot.cpp";
			sourceTree = "<absolute>";
			lastKnownFileType = "sourcecode.cpp.cpp";
		};
		AE59893A63D82259978C395E = {
			fileRef = "DEACB207165D1783E69D43B7";
			isa = PBXBuildFile;
			settings = {
				ATTRIBUTES = (
					);
			};
		};
		B7EB5919B5F4775D73B643E8 = {
			isa = PBXFileReference;
			path = "/Users/josephfan/SeniorDesign/qip2/moc/moc_Dummy.cpp";
			name = "moc_Dummy.cpp";
			sourceTree = "<absolute>";
			lastKnownFileType = "sourcecode.cpp.cpp";
		};
		5C2CFEC0A406DA48D1B7B93E = {
			fileRef = "B7EB5919B5F4775D73B643E8";
			isa = PBXBuildFile;
			settings = {
				ATTRIBUTES = (
					);
			};
		};
		F7E0E335447AB499B31D23E0 = {
			isa = PBXFileReference;
			path = "/Users/josephfan/SeniorDesign/qip2/moc/moc_Threshold.cpp";
			name = "moc_Threshold.cpp";
			sourceTree = "<absolute>";
			lastKnownFileType = "sourcecode.cpp.cpp";
		};
		C298C00049D8D952D47826BA = {
			fileRef = "F7E0E335447AB499B31D23E0";
			isa = PBXBuildFile;
			settings = {
				ATTRIBUTES = (
					);
			};
		};
		4D39C3CA53E2A18E4272732A = {
			isa = PBXFileReference;
			path = "/Users/josephfan/SeniorDesign/qip2/moc/moc_Contrast.cpp";
			name = "moc_Contrast.cpp";
			sourceTree = "<absolute>";
			lastKnownFileType = "sourcecode.cpp.cpp";
		};
		CBE7AA9ABF86E3837D753AF6 = {
			fileRef = "4D39C3CA53E2A18E4272732A";
			isa = PBXBuildFile;
			settings = {
				ATTRIBUTES = (
					);
			};
		};
		0D6EE62841556FDBF3DF32B1 = {
			isa = PBXFileReference;
			path = "/Users/josephfan/SeniorDesign/qip2/moc/moc_Quantization.cpp";
			name = "moc_Quantization.cpp";
			sourceTree = "<absolute>";
			lastKnownFileType = "sourcecode.cpp.cpp";
		};
		5ACFA2241B9AD0779EA55C58 = {
			fileRef = "0D6EE62841556FDBF3DF32B1";
			isa = PBXBuildFile;
			settings = {
				ATTRIBUTES = (
					);
			};
		};
		B4C2064E06EDB0B6B60FA8EE = {
			isa = PBXFileReference;
			path = "/Users/josephfan/SeniorDesign/qip2/moc/moc_HistogramStretching.cpp";
			name = "moc_HistogramStretching.cpp";
			sourceTree = "<absolute>";
			lastKnownFileType = "sourcecode.cpp.cpp";
		};
		816481D582063D03100CB826 = {
			fileRef = "B4C2064E06EDB0B6B60FA8EE";
			isa = PBXBuildFile;
			settings = {
				ATTRIBUTES = (
					);
			};
		};
		46C803A3459700586340332B = {
			isa = PBXFileReference;
			path = "/Users/josephfan/SeniorDesign/qip2/MainWindow.h";
			name = "MainWindow.h";
			sourceTree = "<absolute>";
			lastKnownFileType = "sourcecode.c.h";
		};
		807644D9D52C0DCE71130EDC = {
			isa = PBXFileReference;
			path = "/Users/josephfan/SeniorDesign/qip2/ImageFilter.h";
			name = "ImageFilter.h";
			sourceTree = "<absolute>";
			lastKnownFileType = "sourcecode.c.h";
		};
		4FF9AEAF00543FF27E9FB564 = {
			isa = PBXFileReference;
			path = "/Users/josephfan/SeniorDesign/qip2/qcustomplot.h";
			name = "qcustomplot.h";
			sourceTree = "<absolute>";
			lastKnownFileType = "sourcecode.c.h";
		};
		D4C8A41350B2DF5B0AA7FDA5 = {
			isa = PBXFileReference;
			path = "/Users/josephfan/SeniorDesign/qip2/Dummy.h";
			name = "Dummy.h";
			sourceTree = "<absolute>";
			lastKnownFileType = "sourcecode.c.h";
		};
		DB81043228FD2354E76A6C76 = {
			isa = PBXFileReference;
			path = "/Users/josephfan/SeniorDesign/qip2/Threshold.h";
			name = "Threshold.h";
			sourceTree = "<absolute>";
			lastKnownFileType = "sourcecode.c.h";
		};
		FA2928DF17707E2AB9C191D5 = {
			isa = PBXFileReference;
			path = "/Users/josephfan/SeniorDesign/qip2/Contrast.h";
			name = "Contrast.h";
			sourceTree = "<absolute>";
			lastKnownFileType = "sourcecode.c.h";
		};
		F0650778E1C04BF900CCF9CA = {
			isa = PBXFileReference;
			path = "/Users/josephfan/SeniorDesign/qip2/Quantization.h";
			name = "Quantization.h";
			sourceTree = "<absolute>";
			lastKnownFileType = "sourcecode.c.h";
		};
		20B1A00C1BF4838403511658 = {
			isa = PBXFileReference;
			path = "/Users/josephfan/SeniorDesign/qip2/HistogramStretching.hpp";
			name = "HistogramStretching.hpp";
			sourceTree = "<absolute>";
			lastKnownFileType = "sourcecode.c.h";
		};
		34C975C3D99F063F4C3DE35B = {
			isa = PBXFileReference;
			path = "/Users/josephfan/SeniorDesign/qip2/qip.pro";
			name = "qip.pro";
			sourceTree = "<absolute>";
			lastKnownFileType = "text";
		};
		05A4AF7613C4A4CCAD38BD62 = {
			isa = PBXFileReference;
			path = "/Users/josephfan/SeniorDesign/qip2/.qmake.stash";
			name = ".qmake.stash";
			sourceTree = "<absolute>";
		};
		25B08E2869634E9BCBA333A2 = {
			isa = PBXGroup;
			children = (
				"DB4B99EED9A53460A6E7DC1F");
			name = "Generated Sources";
			sourceTree = "<Group>";
		};
		DB4B99EED9A53460A6E7DC1F = {
			isa = PBXGroup;
			children = (
				"7614A372D011E7CDAFBDA819",
				"DEACB207165D1783E69D43B7",
				"B7EB5919B5F4775D73B643E8",
				"F7E0E335447AB499B31D23E0",
				"4D39C3CA53E2A18E4272732A",
				"0D6EE62841556FDBF3DF32B1",
				"B4C2064E06EDB0B6B60FA8EE");
			name = "moc";
			sourceTree = "<Group>";
		};
		2EB56BE3C2D93CDAB0C52E67 = {
			isa = PBXGroup;
			children = (
				"A6076042F91B73C658C18097",
				"5357C79B4A717EE544E58509",
				"F9F00B38389252046AF5F45B",
				"99E13404DCBB723116093D83",
				"393EB9A252935147E8F08306",
				"2039FD24CFCD73142FA641F0",
				"4D24DBD94BFA20B7178DA35B",
				"B810E68590C47900BAEA55DF",
				"3435FD175408F5F5807268E5",
				"46C803A3459700586340332B",
				"807644D9D52C0DCE71130EDC",
				"4FF9AEAF00543FF27E9FB564",
				"D4C8A41350B2DF5B0AA7FDA5",
				"DB81043228FD2354E76A6C76",
				"FA2928DF17707E2AB9C191D5",
				"F0650778E1C04BF900CCF9CA",
				"20B1A00C1BF4838403511658");
			name = "Sources";
			sourceTree = "<Group>";
		};
		74B182DB50CB5611B5C1C297 = {
			isa = PBXGroup;
			children = (
				"34C975C3D99F063F4C3DE35B",
				"05A4AF7613C4A4CCAD38BD62");
			name = "Supporting Files";
			sourceTree = "<Group>";
		};
		7EF0942E79C014DCEC8976BC = {
			buildActionMask = 2147483647;
			files = (
				);
			isa = PBXShellScriptBuildPhase;
			runOnlyForDeploymentPostprocessing = 0;
			name = "Qt Preprocessors";
			shellPath = "/bin/sh";
			shellScript = "make -C /Users/josephfan/SeniorDesign/qip2 -f qt_preprocess.mak";
			showEnvVarsInLog = "0";
		};
		F7E50F631C51CD5B5DC0BC43 = {
			buildActionMask = 2147483647;
			files = (
				"B31C532728F0F1972C77DB20",
				"3743A95F101242CDCA523228",
				"07F00D093C36832872D416BB",
				"94708E83E934FA0D6C6E42CB",
				"DAB875BE73293494C9F291D0",
				"E92062CC4A8B9F0C58EFCF1C",
				"BADA71E96AECC04B842F39BB",
				"27FA8C75EC4ED2D76B22081C",
				"5FF8E617241E3A50E9B7DAB9",
				"9325C7674E746A4736C018D1",
				"AE59893A63D82259978C395E",
				"5C2CFEC0A406DA48D1B7B93E",
				"C298C00049D8D952D47826BA",
				"CBE7AA9ABF86E3837D753AF6",
				"5ACFA2241B9AD0779EA55C58",
				"816481D582063D03100CB826");
			isa = PBXSourcesBuildPhase;
			runOnlyForDeploymentPostprocessing = 0;
			name = "Compile Sources";
		};
		AF23D9DD561B0D9E9F2709A6 = {
			isa = PBXFileReference;
			name = "IP_d";
			path = "/Users/josephfan/SeniorDesign/qip2/IP/mac/lib/libIP_d.a";
			refType = 0;
			sourceTree = "<absolute>";
		};
		FDAD5F4EC13A9B93AA9581F9 = {
			fileRef = "AF23D9DD561B0D9E9F2709A6";
			isa = PBXBuildFile;
			settings = {
			};
		};
		59EA14B5E862BCF12FDF9170 = {
			isa = PBXFileReference;
			name = "QtPrintSupport.framework";
			path = "/Users/josephfan/Qt5.5.1/5.5/clang_64/lib/QtPrintSupport.framework";
			refType = 0;
			sourceTree = "<absolute>";
			lastKnownFileType = "wrapper.framework";
		};
		78C291F54CB76E5975B22873 = {
			fileRef = "59EA14B5E862BCF12FDF9170";
			isa = PBXBuildFile;
			settings = {
			};
		};
		67C0D894D99CAFEFE889B0B2 = {
			isa = PBXFileReference;
			name = "QtWidgets.framework";
			path = "/Users/josephfan/Qt5.5.1/5.5/clang_64/lib/QtWidgets.framework";
			refType = 0;
			sourceTree = "<absolute>";
			lastKnownFileType = "wrapper.framework";
		};
		003F2180033E816CC5F0A159 = {
			fileRef = "67C0D894D99CAFEFE889B0B2";
			isa = PBXBuildFile;
			settings = {
			};
		};
		8784D3E5A51D53A3162F48B0 = {
			isa = PBXFileReference;
			name = "QtGui.framework";
			path = "/Users/josephfan/Qt5.5.1/5.5/clang_64/lib/QtGui.framework";
			refType = 0;
			sourceTree = "<absolute>";
			lastKnownFileType = "wrapper.framework";
		};
		8FC32642A3E5D400A926EAFA = {
			fileRef = "8784D3E5A51D53A3162F48B0";
			isa = PBXBuildFile;
			settings = {
			};
		};
		4B44974565E11A655BAC7B81 = {
			isa = PBXFileReference;
			name = "QtCore.framework";
			path = "/Users/josephfan/Qt5.5.1/5.5/clang_64/lib/QtCore.framework";
			refType = 0;
			sourceTree = "<absolute>";
			lastKnownFileType = "wrapper.framework";
		};
		536EE60F507395C750010442 = {
			fileRef = "4B44974565E11A655BAC7B81";
			isa = PBXBuildFile;
			settings = {
			};
		};
		2B774D8E4178765CE52EAAF5 = {
			isa = PBXFileReference;
			name = "DiskArbitration.framework";
			path = "/System/Library/Frameworks/DiskArbitration.framework";
			refType = 0;
			sourceTree = "<absolute>";
			lastKnownFileType = "wrapper.framework";
		};
		A99B2AA0F9CBBDD12BA126A4 = {
			fileRef = "2B774D8E4178765CE52EAAF5";
			isa = PBXBuildFile;
			settings = {
			};
		};
		A1A67BEAA744704B29168D39 = {
			isa = PBXFileReference;
			name = "IOKit.framework";
			path = "/System/Library/Frameworks/IOKit.framework";
			refType = 0;
			sourceTree = "<absolute>";
			lastKnownFileType = "wrapper.framework";
		};
		8D267F2E4776F0ECA2F49DC8 = {
			fileRef = "A1A67BEAA744704B29168D39";
			isa = PBXBuildFile;
			settings = {
			};
		};
		D4B32C2222F82AC56BADEB21 = {
			isa = PBXFileReference;
			name = "OpenGL.framework";
			path = "/System/Library/Frameworks/OpenGL.framework";
			refType = 0;
			sourceTree = "<absolute>";
			lastKnownFileType = "wrapper.framework";
		};
		8771A8C96E9C391044035D99 = {
			fileRef = "D4B32C2222F82AC56BADEB21";
			isa = PBXBuildFile;
			settings = {
			};
		};
		8D9815BDB5BD9F90D2BC05C5 = {
			isa = PBXFileReference;
			name = "AGL.framework";
			path = "/System/Library/Frameworks/AGL.framework";
			refType = 0;
			sourceTree = "<absolute>";
			lastKnownFileType = "wrapper.framework";
		};
		E45E51A644D5FC9F942ECE55 = {
			fileRef = "8D9815BDB5BD9F90D2BC05C5";
			isa = PBXBuildFile;
			settings = {
			};
		};
		AF39DD055C3EF8226FBE929D = {
			children = (
				"AF23D9DD561B0D9E9F2709A6",
				"59EA14B5E862BCF12FDF9170",
				"67C0D894D99CAFEFE889B0B2",
				"8784D3E5A51D53A3162F48B0",
				"4B44974565E11A655BAC7B81",
				"2B774D8E4178765CE52EAAF5",
				"A1A67BEAA744704B29168D39",
				"D4B32C2222F82AC56BADEB21",
				"8D9815BDB5BD9F90D2BC05C5");
			isa = PBXGroup;
			name = "Frameworks";
			sourceTree = "<Group>";
		};
		D1C883685E82D5676953459A = {
			buildActionMask = 2147483647;
			files = (
				"FDAD5F4EC13A9B93AA9581F9",
				"78C291F54CB76E5975B22873",
				"003F2180033E816CC5F0A159",
				"8FC32642A3E5D400A926EAFA",
				"536EE60F507395C750010442",
				"A99B2AA0F9CBBDD12BA126A4",
				"8D267F2E4776F0ECA2F49DC8",
				"8771A8C96E9C391044035D99",
				"E45E51A644D5FC9F942ECE55");
			isa = PBXFrameworksBuildPhase;
			runOnlyForDeploymentPostprocessing = 0;
			name = "Link Binary With Libraries";
		};
		30414803F31797EB689AE508 = {
			buildActionMask = 2147483647;
			files = (
				);
			isa = PBXResourcesBuildPhase;
			runOnlyForDeploymentPostprocessing = 0;
			name = "Copy Bundle Resources";
		};
		8F9288DCE9BDD9BF31B5372C = {
			isa = PBXFileReference;
			includeInIndex = 0;
			explicitFileType = "wrapper.application";
			path = "qip.app";
			sourceTree = BUILT_PRODUCTS_DIR;
		};
		FE0A091FDBFB3E9C31B7A1BD = {
			children = (
				"8F9288DCE9BDD9BF31B5372C");
			isa = PBXGroup;
			name = "Products";
			sourceTree = "<Group>";
		};
		E8C543AB96796ECAA2E65C57 = {
			children = (
				"2EB56BE3C2D93CDAB0C52E67",
				"25B08E2869634E9BCBA333A2",
				"74B182DB50CB5611B5C1C297",
				"AF39DD055C3EF8226FBE929D",
				"FE0A091FDBFB3E9C31B7A1BD");
			isa = PBXGroup;
			name = "qip";
			sourceTree = "<Group>";
		};
		9C472C22F4F54D5F0CAF190B = {
			buildPhases = (
				"5E618435888B9D49F8540165",
				"7EF0942E79C014DCEC8976BC");
			dependencies = (
				);
			buildConfigurationList = 6CC3B5D2136C7CD6A5CF5A59;
			isa = PBXAggregateTarget;
			buildRules = (
);
			productName = "Qt Preprocess";
			name = "Qt Preprocess";
		};
		62BB666B33D9E8AACA2E5283 = {
			isa = PBXTargetDependency;
			target = "9C472C22F4F54D5F0CAF190B";
		};
		F350ED02ADCE092BBCF4C016 = {
			buildPhases = (
				"F7E50F631C51CD5B5DC0BC43",
				"D1C883685E82D5676953459A",
				"30414803F31797EB689AE508");
			dependencies = (
				"62BB666B33D9E8AACA2E5283");
			productReference = "8F9288DCE9BDD9BF31B5372C";
			buildConfigurationList = 6CC3B5D2136C7CD6A5CF5A59;
			isa = PBXNativeTarget;
			buildRules = (
);
			productType = "com.apple.product-type.application";
			name = "qip";
			productName = "qip";
		};
		3AA6C32AC930069E80220CF1 = {
			isa = XCBuildConfiguration;
			buildSettings = {
				COPY_PHASE_STRIP = "NO";
				ENABLE_BITCODE = "NO";
				GCC_GENERATE_DEBUGGING_SYMBOLS = "YES";
				GCC_OPTIMIZATION_LEVEL = "0";
				PRODUCT_NAME = "qip";
				QT_LIBRARY_SUFFIX = "_debug";
				SDKROOT = "macosx10.11";
				GCC_VERSION = com.apple.compilers.llvm.clang.1_0;
				CC = "/Volumes/Xcode/Xcode-beta.app/Contents/Developer/Toolchains/XcodeDefault.xctoolchain/usr/bin/clang";
				LDPLUSPLUS = "/Volumes/Xcode/Xcode-beta.app/Contents/Developer/Toolchains/XcodeDefault.xctoolchain/usr/bin/clang++";
				INFOPLIST_FILE = "Info.plist";
				SYMROOT = "/Users/josephfan/SeniorDesign/qip2";
				DYLIB_CURRENT_VERSION = "1.0.0";
				DYLIB_COMPATIBILITY_VERSION = "1.0";
				MACOSX_DEPLOYMENT_TARGET = "10.7";
				HEADER_SEARCH_PATHS = (
					".",
					"IP/mac/header",
					"../../Qt5.5.1/5.5/clang_64/lib/QtPrintSupport.framework/Headers",
					"../../Qt5.5.1/5.5/clang_64/lib/QtWidgets.framework/Headers",
					"../../Qt5.5.1/5.5/clang_64/lib/QtGui.framework/Headers",
					"../../Qt5.5.1/5.5/clang_64/lib/QtCore.framework/Headers",
					"moc",
					"/Volumes/Xcode/Xcode-beta.app/Contents/Developer/Platforms/MacOSX.platform/Developer/SDKs/MacOSX10.11.sdk/System/Library/Frameworks/OpenGL.framework/Headers",
					"/Volumes/Xcode/Xcode-beta.app/Contents/Developer/Platforms/MacOSX.platform/Developer/SDKs/MacOSX10.11.sdk/System/Library/Frameworks/AGL.framework/Headers",
					"../../Qt5.5.1/5.5/clang_64/mkspecs/macx-clang");
				LIBRARY_SEARCH_PATHS = (
					"./IP/mac/lib",
					"/Users/josephfan/SeniorDesign/qip2/IP/mac/lib",
					"/Users/josephfan/Qt5.5.1/5.5/clang_64/lib",
					"/System/Library/Frameworks/");
				FRAMEWORK_SEARCH_PATHS = (
					"/Users/josephfan/Qt5.5.1/5.5/clang_64/lib",
					"/Users/josephfan/Qt5.5.1/5.5/clang_64/lib");
				OTHER_CFLAGS = (
					"-pipe",
					"-O2",
					"-Wall",
					"-W",
					"-fPIC",
					"-DQT_NO_DEBUG",
					"-DQT_PRINTSUPPORT_LIB",
					"-DQT_WIDGETS_LIB",
					"-DQT_GUI_LIB",
					"-DQT_CORE_LIB");
				OTHER_CPLUSPLUSFLAGS = (
					"-pipe",
					"-O2",
					"-Wall",
					"-W",
					"-fPIC",
					"-DQT_NO_DEBUG",
					"-DQT_PRINTSUPPORT_LIB",
					"-DQT_WIDGETS_LIB",
					"-DQT_GUI_LIB",
					"-DQT_CORE_LIB");
				OTHER_LDFLAGS = (
						"-headerpad_max_install_names",
						"-Wl,-rpath,/Users/josephfan/Qt5.5.1/5.5/clang_64/lib",
						"-F/Users/josephfan/Qt5.5.1/5.5/clang_64/lib",
						"-L./IP/mac/lib");
				ARCHS = "x86_64";
				OBJROOT = "obj/";
			};
			name = "Debug";
		};
		77418F46922677BB04ED38DD = {
			isa = XCBuildConfiguration;
			buildSettings = {
				COPY_PHASE_STRIP = "NO";
				ENABLE_BITCODE = "NO";
				GCC_GENERATE_DEBUGGING_SYMBOLS = "YES";
				GCC_OPTIMIZATION_LEVEL = "0";
				PRODUCT_NAME = "qip";
				QT_LIBRARY_SUFFIX = "_debug";
				SDKROOT = "macosx10.11";
				PRODUCT_NAME = "qip";
			};
			name = "Debug";
		};
		339EE1B2CC4FC24589A0EA95 = {
			isa = XCBuildConfiguration;
			buildSettings = {
				COPY_PHASE_STRIP = "YES";
				ENABLE_BITCODE = "NO";
				GCC_GENERATE_DEBUGGING_SYMBOLS = "NO";
				PRODUCT_NAME = "qip";
				QT_LIBRARY_SUFFIX = "";
				SDKROOT = "macosx10.11";
				GCC_VERSION = com.apple.compilers.llvm.clang.1_0;
				CC = "/Volumes/Xcode/Xcode-beta.app/Contents/Developer/Toolchains/XcodeDefault.xctoolchain/usr/bin/clang";
				LDPLUSPLUS = "/Volumes/Xcode/Xcode-beta.app/Contents/Developer/Toolchains/XcodeDefault.xctoolchain/usr/bin/clang++";
				INFOPLIST_FILE = "Info.plist";
				SYMROOT = "/Users/josephfan/SeniorDesign/qip2";
				DYLIB_CURRENT_VERSION = "1.0.0";
				DYLIB_COMPATIBILITY_VERSION = "1.0";
				MACOSX_DEPLOYMENT_TARGET = "10.7";
				HEADER_SEARCH_PATHS = (
					".",
					"IP/mac/header",
					"../../Qt5.5.1/5.5/clang_64/lib/QtPrintSupport.framework/Headers",
					"../../Qt5.5.1/5.5/clang_64/lib/QtWidgets.framework/Headers",
					"../../Qt5.5.1/5.5/clang_64/lib/QtGui.framework/Headers",
					"../../Qt5.5.1/5.5/clang_64/lib/QtCore.framework/Headers",
					"moc",
					"/Volumes/Xcode/Xcode-beta.app/Contents/Developer/Platforms/MacOSX.platform/Developer/SDKs/MacOSX10.11.sdk/System/Library/Frameworks/OpenGL.framework/Headers",
					"/Volumes/Xcode/Xcode-beta.app/Contents/Developer/Platforms/MacOSX.platform/Developer/SDKs/MacOSX10.11.sdk/System/Library/Frameworks/AGL.framework/Headers",
					"../../Qt5.5.1/5.5/clang_64/mkspecs/macx-clang");
				LIBRARY_SEARCH_PATHS = (
					"./IP/mac/lib",
					"/Users/josephfan/SeniorDesign/qip2/IP/mac/lib",
					"/Users/josephfan/Qt5.5.1/5.5/clang_64/lib",
					"/System/Library/Frameworks/");
				FRAMEWORK_SEARCH_PATHS = (
					"/Users/josephfan/Qt5.5.1/5.5/clang_64/lib",
					"/Users/josephfan/Qt5.5.1/5.5/clang_64/lib");
				OTHER_CFLAGS = (
					"-pipe",
					"-O2",
					"-Wall",
					"-W",
					"-fPIC",
					"-DQT_NO_DEBUG",
					"-DQT_PRINTSUPPORT_LIB",
					"-DQT_WIDGETS_LIB",
					"-DQT_GUI_LIB",
					"-DQT_CORE_LIB");
				OTHER_CPLUSPLUSFLAGS = (
					"-pipe",
					"-O2",
					"-Wall",
					"-W",
					"-fPIC",
					"-DQT_NO_DEBUG",
					"-DQT_PRINTSUPPORT_LIB",
					"-DQT_WIDGETS_LIB",
					"-DQT_GUI_LIB",
					"-DQT_CORE_LIB");
				OTHER_LDFLAGS = (
						"-headerpad_max_install_names",
						"-Wl,-rpath,/Users/josephfan/Qt5.5.1/5.5/clang_64/lib",
						"-F/Users/josephfan/Qt5.5.1/5.5/clang_64/lib",
						"-L./IP/mac/lib");
				ARCHS = "x86_64";
				OBJROOT = "obj/";
			};
			name = "Release";
		};
		6666AA5E688052234F6758D8 = {
			isa = XCBuildConfiguration;
			buildSettings = {
				COPY_PHASE_STRIP = "YES";
				ENABLE_BITCODE = "NO";
				GCC_GENERATE_DEBUGGING_SYMBOLS = "NO";
				PRODUCT_NAME = "qip";
				QT_LIBRARY_SUFFIX = "";
				SDKROOT = "macosx10.11";
				PRODUCT_NAME = "qip";
			};
			name = "Release";
		};
		DAC4C1AA5EDEA1C85E9CA5E6 = {
			isa = XCConfigurationList;
			buildConfigurations = (
				"3AA6C32AC930069E80220CF1",
				"339EE1B2CC4FC24589A0EA95");
			defaultConfigurationIsVisible = 0;
			defaultConfigurationName = "Release";
		};
		6CC3B5D2136C7CD6A5CF5A59 = {
			isa = XCConfigurationList;
			buildConfigurations = (
				"77418F46922677BB04ED38DD",
				"6666AA5E688052234F6758D8");
			defaultConfigurationIsVisible = 0;
			defaultConfigurationName = "Release";
		};
		6DB9C3763D02B1415CD9D565 = {
			hasScannedForEncodings = 1;
			compatibilityVersion = "Xcode 3.2";
			isa = PBXProject;
			mainGroup = "E8C543AB96796ECAA2E65C57";
			productRefGroup = "FE0A091FDBFB3E9C31B7A1BD";
			buildConfigurationList = "DAC4C1AA5EDEA1C85E9CA5E6";
			projectDirPath = "";
			projectRoot = "";
			targets = (
				"F350ED02ADCE092BBCF4C016",
				"9C472C22F4F54D5F0CAF190B");
			attributes = {
				TargetAttributes = {
				};
			};
		};
	};
	rootObject = "6DB9C3763D02B1415CD9D565";
}
